// !$*UTF8*$!
{
	archiveVersion = 1;
	classes = {
	};
	objectVersion = 46;
	objects = {

/* Begin PBXBuildFile section */
		E76078D01A6EAD3E003C0EF3 /* main.m in Sources */ = {isa = PBXBuildFile; fileRef = E76078CF1A6EAD3E003C0EF3 /* main.m */; };
		E76078D31A6EAD3E003C0EF3 /* AppDelegate.m in Sources */ = {isa = PBXBuildFile; fileRef = E76078D21A6EAD3E003C0EF3 /* AppDelegate.m */; };
		E76078D61A6EAD3E003C0EF3 /* ViewController.m in Sources */ = {isa = PBXBuildFile; fileRef = E76078D51A6EAD3E003C0EF3 /* ViewController.m */; };
		E76078D91A6EAD3E003C0EF3 /* Main.storyboard in Resources */ = {isa = PBXBuildFile; fileRef = E76078D71A6EAD3E003C0EF3 /* Main.storyboard */; };
		E76078DB1A6EAD3E003C0EF3 /* Images.xcassets in Resources */ = {isa = PBXBuildFile; fileRef = E76078DA1A6EAD3E003C0EF3 /* Images.xcassets */; };
		E76078DE1A6EAD3E003C0EF3 /* LaunchScreen.xib in Resources */ = {isa = PBXBuildFile; fileRef = E76078DC1A6EAD3E003C0EF3 /* LaunchScreen.xib */; };
		E76078EA1A6EAD3E003C0EF3 /* TimerTests.m in Sources */ = {isa = PBXBuildFile; fileRef = E76078E91A6EAD3E003C0EF3 /* TimerTests.m */; };
/* End PBXBuildFile section */

/* Begin PBXContainerItemProxy section */
		E76078E41A6EAD3E003C0EF3 /* PBXContainerItemProxy */ = {
			isa = PBXContainerItemProxy;
			containerPortal = E76078C21A6EAD3E003C0EF3 /* Project object */;
			proxyType = 1;
			remoteGlobalIDString = E76078C91A6EAD3E003C0EF3;
			remoteInfo = Timer;
		};
/* End PBXContainerItemProxy section */

/* Begin PBXFileReference section */
		E76078CA1A6EAD3E003C0EF3 /* Timer.app */ = {isa = PBXFileReference; explicitFileType = wrapper.application; includeInIndex = 0; path = Timer.app; sourceTree = BUILT_PRODUCTS_DIR; };
		E76078CE1A6EAD3E003C0EF3 /* Info.plist */ = {isa = PBXFileReference; lastKnownFileType = text.plist.xml; path = Info.plist; sourceTree = "<group>"; };
		E76078CF1A6EAD3E003C0EF3 /* main.m */ = {isa = PBXFileReference; lastKnownFileType = sourcecode.c.objc; path = main.m; sourceTree = "<group>"; };
		E76078D11A6EAD3E003C0EF3 /* AppDelegate.h */ = {isa = PBXFileReference; lastKnownFileType = sourcecode.c.h; path = AppDelegate.h; sourceTree = "<group>"; };
		E76078D21A6EAD3E003C0EF3 /* AppDelegate.m */ = {isa = PBXFileReference; lastKnownFileType = sourcecode.c.objc; path = AppDelegate.m; sourceTree = "<group>"; };
		E76078D41A6EAD3E003C0EF3 /* ViewController.h */ = {isa = PBXFileReference; lastKnownFileType = sourcecode.c.h; path = ViewController.h; sourceTree = "<group>"; };
		E76078D51A6EAD3E003C0EF3 /* ViewController.m */ = {isa = PBXFileReference; lastKnownFileType = sourcecode.c.objc; path = ViewController.m; sourceTree = "<group>"; };
		E76078D81A6EAD3E003C0EF3 /* Base */ = {isa = PBXFileReference; lastKnownFileType = file.storyboard; name = Base; path = Base.lproj/Main.storyboard; sourceTree = "<group>"; };
		E76078DA1A6EAD3E003C0EF3 /* Images.xcassets */ = {isa = PBXFileReference; lastKnownFileType = folder.assetcatalog; path = Images.xcassets; sourceTree = "<group>"; };
		E76078DD1A6EAD3E003C0EF3 /* Base */ = {isa = PBXFileReference; lastKnownFileType = file.xib; name = Base; path = Base.lproj/LaunchScreen.xib; sourceTree = "<group>"; };
		E76078E31A6EAD3E003C0EF3 /* TimerTests.xctest */ = {isa = PBXFileReference; explicitFileType = wrapper.cfbundle; includeInIndex = 0; path = TimerTests.xctest; sourceTree = BUILT_PRODUCTS_DIR; };
		E76078E81A6EAD3E003C0EF3 /* Info.plist */ = {isa = PBXFileReference; lastKnownFileType = text.plist.xml; path = Info.plist; sourceTree = "<group>"; };
		E76078E91A6EAD3E003C0EF3 /* TimerTests.m */ = {isa = PBXFileReference; lastKnownFileType = sourcecode.c.objc; path = TimerTests.m; sourceTree = "<group>"; };
/* End PBXFileReference section */

/* Begin PBXFrameworksBuildPhase section */
		E76078C71A6EAD3E003C0EF3 /* Frameworks */ = {
			isa = PBXFrameworksBuildPhase;
			buildActionMask = 2147483647;
			files = (
			);
			runOnlyForDeploymentPostprocessing = 0;
		};
		E76078E01A6EAD3E003C0EF3 /* Frameworks */ = {
			isa = PBXFrameworksBuildPhase;
			buildActionMask = 2147483647;
			files = (
			);
			runOnlyForDeploymentPostprocessing = 0;
		};
/* End PBXFrameworksBuildPhase section */

/* Begin PBXGroup section */
		E76078C11A6EAD3E003C0EF3 = {
			isa = PBXGroup;
			children = (
				E76078CC1A6EAD3E003C0EF3 /* Timer */,
				E76078E61A6EAD3E003C0EF3 /* TimerTests */,
				E76078CB1A6EAD3E003C0EF3 /* Products */,
			);
			sourceTree = "<group>";
		};
		E76078CB1A6EAD3E003C0EF3 /* Products */ = {
			isa = PBXGroup;
			children = (
				E76078CA1A6EAD3E003C0EF3 /* Timer.app */,
				E76078E31A6EAD3E003C0EF3 /* TimerTests.xctest */,
			);
			name = Products;
			sourceTree = "<group>";
		};
		E76078CC1A6EAD3E003C0EF3 /* Timer */ = {
			isa = PBXGroup;
			children = (
				E76078D11A6EAD3E003C0EF3 /* AppDelegate.h */,
				E76078D21A6EAD3E003C0EF3 /* AppDelegate.m */,
				E76078D41A6EAD3E003C0EF3 /* ViewController.h */,
				E76078D51A6EAD3E003C0EF3 /* ViewController.m */,
				E76078D71A6EAD3E003C0EF3 /* Main.storyboard */,
				E76078DA1A6EAD3E003C0EF3 /* Images.xcassets */,
				E76078DC1A6EAD3E003C0EF3 /* LaunchScreen.xib */,
				E76078CD1A6EAD3E003C0EF3 /* Supporting Files */,
			);
			path = Timer;
			sourceTree = "<group>";
		};
		E76078CD1A6EAD3E003C0EF3 /* Supporting Files */ = {
			isa = PBXGroup;
			children = (
				E76078CE1A6EAD3E003C0EF3 /* Info.plist */,
				E76078CF1A6EAD3E003C0EF3 /* main.m */,
			);
			name = "Supporting Files";
			sourceTree = "<group>";
		};
		E76078E61A6EAD3E003C0EF3 /* TimerTests */ = {
			isa = PBXGroup;
			children = (
				E76078E91A6EAD3E003C0EF3 /* TimerTests.m */,
				E76078E71A6EAD3E003C0EF3 /* Supporting Files */,
			);
			path = TimerTests;
			sourceTree = "<group>";
		};
		E76078E71A6EAD3E003C0EF3 /* Supporting Files */ = {
			isa = PBXGroup;
			children = (
				E76078E81A6EAD3E003C0EF3 /* Info.plist */,
			);
			name = "Supporting Files";
			sourceTree = "<group>";
		};
/* End PBXGroup section */

/* Begin PBXNativeTarget section */
		E76078C91A6EAD3E003C0EF3 /* Timer */ = {
			isa = PBXNativeTarget;
			buildConfigurationList = E76078ED1A6EAD3E003C0EF3 /* Build configuration list for PBXNativeTarget "Timer" */;
			buildPhases = (
				E76078C61A6EAD3E003C0EF3 /* Sources */,
				E76078C71A6EAD3E003C0EF3 /* Frameworks */,
				E76078C81A6EAD3E003C0EF3 /* Resources */,
			);
			buildRules = (
			);
			dependencies = (
			);
			name = Timer;
			productName = Timer;
			productReference = E76078CA1A6EAD3E003C0EF3 /* Timer.app */;
			productType = "com.apple.product-type.application";
		};
		E76078E21A6EAD3E003C0EF3 /* TimerTests */ = {
			isa = PBXNativeTarget;
			buildConfigurationList = E76078F01A6EAD3E003C0EF3 /* Build configuration list for PBXNativeTarget "TimerTests" */;
			buildPhases = (
				E76078DF1A6EAD3E003C0EF3 /* Sources */,
				E76078E01A6EAD3E003C0EF3 /* Frameworks */,
				E76078E11A6EAD3E003C0EF3 /* Resources */,
			);
			buildRules = (
			);
			dependencies = (
				E76078E51A6EAD3E003C0EF3 /* PBXTargetDependency */,
			);
			name = TimerTests;
			productName = TimerTests;
			productReference = E76078E31A6EAD3E003C0EF3 /* TimerTests.xctest */;
			productType = "com.apple.product-type.bundle.unit-test";
		};
/* End PBXNativeTarget section */

/* Begin PBXProject section */
		E76078C21A6EAD3E003C0EF3 /* Project object */ = {
			isa = PBXProject;
			attributes = {
				LastUpgradeCheck = 0610;
				ORGANIZATIONNAME = "Yoshihiro Arakawa";
				TargetAttributes = {
					E76078C91A6EAD3E003C0EF3 = {
						CreatedOnToolsVersion = 6.1.1;
					};
					E76078E21A6EAD3E003C0EF3 = {
						CreatedOnToolsVersion = 6.1.1;
						TestTargetID = E76078C91A6EAD3E003C0EF3;
					};
				};
			};
			buildConfigurationList = E76078C51A6EAD3E003C0EF3 /* Build configuration list for PBXProject "Timer" */;
			compatibilityVersion = "Xcode 3.2";
			developmentRegion = English;
			hasScannedForEncodings = 0;
			knownRegions = (
				en,
				Base,
			);
			mainGroup = E76078C11A6EAD3E003C0EF3;
			productRefGroup = E76078CB1A6EAD3E003C0EF3 /* Products */;
			projectDirPath = "";
			projectRoot = "";
			targets = (
				E76078C91A6EAD3E003C0EF3 /* Timer */,
				E76078E21A6EAD3E003C0EF3 /* TimerTests */,
			);
		};
/* End PBXProject section */

/* Begin PBXResourcesBuildPhase section */
		E76078C81A6EAD3E003C0EF3 /* Resources */ = {
			isa = PBXResourcesBuildPhase;
			buildActionMask = 2147483647;
			files = (
				E76078D91A6EAD3E003C0EF3 /* Main.storyboard in Resources */,
				E76078DE1A6EAD3E003C0EF3 /* LaunchScreen.xib in Resources */,
				E76078DB1A6EAD3E003C0EF3 /* Images.xcassets in Resources */,
			);
			runOnlyForDeploymentPostprocessing = 0;
		};
		E76078E11A6EAD3E003C0EF3 /* Resources */ = {
			isa = PBXResourcesBuildPhase;
			buildActionMask = 2147483647;
			files = (
			);
			runOnlyForDeploymentPostprocessing = 0;
		};
/* End PBXResourcesBuildPhase section */

/* Begin PBXSourcesBuildPhase section */
		E76078C61A6EAD3E003C0EF3 /* Sources */ = {
			isa = PBXSourcesBuildPhase;
			buildActionMask = 2147483647;
			files = (
				E76078D61A6EAD3E003C0EF3 /* ViewController.m in Sources */,
				E76078D31A6EAD3E003C0EF3 /* AppDelegate.m in Sources */,
				E76078D01A6EAD3E003C0EF3 /* main.m in Sources */,
			);
			runOnlyForDeploymentPostprocessing = 0;
		};
		E76078DF1A6EAD3E003C0EF3 /* Sources */ = {
			isa = PBXSourcesBuildPhase;
			buildActionMask = 2147483647;
			files = (
				E76078EA1A6EAD3E003C0EF3 /* TimerTests.m in Sources */,
			);
			runOnlyForDeploymentPostprocessing = 0;
		};
/* End PBXSourcesBuildPhase section */

/* Begin PBXTargetDependency section */
		E76078E51A6EAD3E003C0EF3 /* PBXTargetDependency */ = {
			isa = PBXTargetDependency;
			target = E76078C91A6EAD3E003C0EF3 /* Timer */;
			targetProxy = E76078E41A6EAD3E003C0EF3 /* PBXContainerItemProxy */;
		};
/* End PBXTargetDependency section */

/* Begin PBXVariantGroup section */
		E76078D71A6EAD3E003C0EF3 /* Main.storyboard */ = {
			isa = PBXVariantGroup;
			children = (
				E76078D81A6EAD3E003C0EF3 /* Base */,
			);
			name = Main.storyboard;
			sourceTree = "<group>";
		};
		E76078DC1A6EAD3E003C0EF3 /* LaunchScreen.xib */ = {
			isa = PBXVariantGroup;
			children = (
				E76078DD1A6EAD3E003C0EF3 /* Base */,
			);
			name = LaunchScreen.xib;
			sourceTree = "<group>";
		};
/* End PBXVariantGroup section */

/* Begin XCBuildConfiguration section */
		E76078EB1A6EAD3E003C0EF3 /* Debug */ = {
			isa = XCBuildConfiguration;
			buildSettings = {
				ALWAYS_SEARCH_USER_PATHS = NO;
				CLANG_CXX_LANGUAGE_STANDARD = "gnu++0x";
				CLANG_CXX_LIBRARY = "libc++";
				CLANG_ENABLE_MODULES = YES;
				CLANG_ENABLE_OBJC_ARC = YES;
				CLANG_WARN_BOOL_CONVERSION = YES;
				CLANG_WARN_CONSTANT_CONVERSION = YES;
				CLANG_WARN_DIRECT_OBJC_ISA_USAGE = YES_ERROR;
				CLANG_WARN_EMPTY_BODY = YES;
				CLANG_WARN_ENUM_CONVERSION = YES;
				CLANG_WARN_INT_CONVERSION = YES;
				CLANG_WARN_OBJC_ROOT_CLASS = YES_ERROR;
				CLANG_WARN_UNREACHABLE_CODE = YES;
				CLANG_WARN__DUPLICATE_METHOD_MATCH = YES;
				"CODE_SIGN_IDENTITY[sdk=iphoneos*]" = "iPhone Developer";
				COPY_PHASE_STRIP = NO;
				ENABLE_STRICT_OBJC_MSGSEND = YES;
				GCC_C_LANGUAGE_STANDARD = gnu99;
				GCC_DYNAMIC_NO_PIC = NO;
				GCC_OPTIMIZATION_LEVEL = 0;
				GCC_PREPROCESSOR_DEFINITIONS = (
					"DEBUG=1",
					"$(inherited)",
				);
				GCC_SYMBOLS_PRIVATE_EXTERN = NO;
				GCC_WARN_64_TO_32_BIT_CONVERSION = YES;
				GCC_WARN_ABOUT_RETURN_TYPE = YES_ERROR;
				GCC_WARN_UNDECLARED_SELECTOR = YES;
				GCC_WARN_UNINITIALIZED_AUTOS = YES_AGGRESSIVE;
				GCC_WARN_UNUSED_FUNCTION = YES;
				GCC_WARN_UNUSED_VARIABLE = YES;
				IPHONEOS_DEPLOYMENT_TARGET = 8.1;
				MTL_ENABLE_DEBUG_INFO = YES;
				ONLY_ACTIVE_ARCH = YES;
				SDKROOT = iphoneos;
			};
			name = Debug;
		};
		E76078EC1A6EAD3E003C0EF3 /* Release */ = {
			isa = XCBuildConfiguration;
			buildSettings = {
				ALWAYS_SEARCH_USER_PATHS = NO;
				CLANG_CXX_LANGUAGE_STANDARD = "gnu++0x";
				CLANG_CXX_LIBRARY = "libc++";
				CLANG_ENABLE_MODULES = YES;
				CLANG_ENABLE_OBJC_ARC = YES;
				CLANG_WARN_BOOL_CONVERSION = YES;
				CLANG_WARN_CONSTANT_CONVERSION = YES;
				CLANG_WARN_DIRECT_OBJC_ISA_USAGE = YES_ERROR;
				CLANG_WARN_EMPTY_BODY = YES;
				CLANG_WARN_ENUM_CONVERSION = YES;
				CLANG_WARN_INT_CONVERSION = YES;
				CLANG_WARN_OBJC_ROOT_CLASS = YES_ERROR;
				CLANG_WARN_UNREACHABLE_CODE = YES;
				CLANG_WARN__DUPLICATE_METHOD_MATCH = YES;
				"CODE_SIGN_IDENTITY[sdk=iphoneos*]" = "iPhone Developer";
				COPY_PHASE_STRIP = YES;
				ENABLE_NS_ASSERTIONS = NO;
				ENABLE_STRICT_OBJC_MSGSEND = YES;
				GCC_C_LANGUAGE_STANDARD = gnu99;
				GCC_WARN_64_TO_32_BIT_CONVERSION = YES;
				GCC_WARN_ABOUT_RETURN_TYPE = YES_ERROR;
				GCC_WARN_UNDECLARED_SELECTOR = YES;
				GCC_WARN_UNINITIALIZED_AUTOS = YES_AGGRESSIVE;
				GCC_WARN_UNUSED_FUNCTION = YES;
				GCC_WARN_UNUSED_VARIABLE = YES;
				IPHONEOS_DEPLOYMENT_TARGET = 8.1;
				MTL_ENABLE_DEBUG_INFO = NO;
				SDKROOT = iphoneos;
				VALIDATE_PRODUCT = YES;
			};
			name = Release;
		};
		E76078EE1A6EAD3E003C0EF3 /* Debug */ = {
			isa = XCBuildConfiguration;
			buildSettings = {
				ASSETCATALOG_COMPILER_APPICON_NAME = AppIcon;
				INFOPLIST_FILE = Timer/Info.plist;
				LD_RUNPATH_SEARCH_PATHS = "$(inherited) @executable_path/Frameworks";
				PRODUCT_NAME = "$(TARGET_NAME)";
			};
			name = Debug;
		};
		E76078EF1A6EAD3E003C0EF3 /* Release */ = {
			isa = XCBuildConfiguration;
			buildSettings = {
				ASSETCATALOG_COMPILER_APPICON_NAME = AppIcon;
				INFOPLIST_FILE = Timer/Info.plist;
				LD_RUNPATH_SEARCH_PATHS = "$(inherited) @executable_path/Frameworks";
				PRODUCT_NAME = "$(TARGET_NAME)";
			};
			name = Release;
		};
		E76078F11A6EAD3E003C0EF3 /* Debug */ = {
			isa = XCBuildConfiguration;
			buildSettings = {
				BUNDLE_LOADER = "$(TEST_HOST)";
				FRAMEWORK_SEARCH_PATHS = (
					"$(SDKROOT)/Developer/Library/Frameworks",
					"$(inherited)",
				);
				GCC_PREPROCESSOR_DEFINITIONS = (
					"DEBUG=1",
					"$(inherited)",
				);
				INFOPLIST_FILE = TimerTests/Info.plist;
				LD_RUNPATH_SEARCH_PATHS = "$(inherited) @executable_path/Frameworks @loader_path/Frameworks";
				PRODUCT_NAME = "$(TARGET_NAME)";
				TEST_HOST = "$(BUILT_PRODUCTS_DIR)/Timer.app/Timer";
			};
			name = Debug;
		};
		E76078F21A6EAD3E003C0EF3 /* Release */ = {
			isa = XCBuildConfiguration;
			buildSettings = {
				BUNDLE_LOADER = "$(TEST_HOST)";
				FRAMEWORK_SEARCH_PATHS = (
					"$(SDKROOT)/Developer/Library/Frameworks",
					"$(inherited)",
				);
				INFOPLIST_FILE = TimerTests/Info.plist;
				LD_RUNPATH_SEARCH_PATHS = "$(inherited) @executable_path/Frameworks @loader_path/Frameworks";
				PRODUCT_NAME = "$(TARGET_NAME)";
				TEST_HOST = "$(BUILT_PRODUCTS_DIR)/Timer.app/Timer";
			};
			name = Release;
		};
/* End XCBuildConfiguration section */

/* Begin XCConfigurationList section */
		E76078C51A6EAD3E003C0EF3 /* Build configuration list for PBXProject "Timer" */ = {
			isa = XCConfigurationList;
			buildConfigurations = (
				E76078EB1A6EAD3E003C0EF3 /* Debug */,
				E76078EC1A6EAD3E003C0EF3 /* Release */,
			);
			defaultConfigurationIsVisible = 0;
			defaultConfigurationName = Release;
		};
		E76078ED1A6EAD3E003C0EF3 /* Build configuration list for PBXNativeTarget "Timer" */ = {
			isa = XCConfigurationList;
			buildConfigurations = (
				E76078EE1A6EAD3E003C0EF3 /* Debug */,
				E76078EF1A6EAD3E003C0EF3 /* Release */,
			);
			defaultConfigurationIsVisible = 0;
		};
		E76078F01A6EAD3E003C0EF3 /* Build configuration list for PBXNativeTarget "TimerTests" */ = {
			isa = XCConfigurationList;
			buildConfigurations = (
				E76078F11A6EAD3E003C0EF3 /* Debug */,
				E76078F21A6EAD3E003C0EF3 /* Release */,
			);
			defaultConfigurationIsVisible = 0;
		};
/* End XCConfigurationList section */
	};
	rootObject = E76078C21A6EAD3E003C0EF3 /* Project object */;
}
